{
  "name": "BobbyBot",
  "lockfileVersion": 2,
  "requires": true,
  "packages": {
    "": {
      "devDependencies": {
        "@types/node-schedule": "^2.1.0"
      }
    },
    "node_modules/@types/node": {
      "version": "18.14.6",
      "resolved": "https://registry.npmjs.org/@types/node/-/node-18.14.6.tgz",
      "integrity": "sha512-93+VvleD3mXwlLI/xASjw0FzKcwzl3OdTCzm1LaRfqgS21gfFtK3zDXM5Op9TeeMsJVOaJ2VRDpT9q4Y3d0AvA==",
      "dev": true
    },
    "node_modules/@types/node-schedule": {
      "version": "2.1.0",
      "resolved": "https://registry.npmjs.org/@types/node-schedule/-/node-schedule-2.1.0.tgz",
      "integrity": "sha512-NiTwl8YN3v/1YCKrDFSmCTkVxFDylueEqsOFdgF+vPsm+AlyJKGAo5yzX1FiOxPsZiN6/r8gJitYx2EaSuBmmg==",
      "dev": true,
      "dependencies": {
        "@types/node": "*"
      }
    }
  },
  "dependencies": {
    "@types/node": {
      "version": "18.14.6",
      "resolved": "https://registry.npmjs.org/@types/node/-/node-18.14.6.tgz",
      "integrity": "sha512-93+VvleD3mXwlLI/xASjw0FzKcwzl3OdTCzm1LaRfqgS21gfFtK3zDXM5Op9TeeMsJVOaJ2VRDpT9q4Y3d0AvA==",
      "dev": true
    },
    "@types/node-schedule": {
      "version": "2.1.0",
      "resolved": "https://registry.npmjs.org/@types/node-schedule/-/node-schedule-2.1.0.tgz",
      "integrity": "sha512-NiTwl8YN3v/1YCKrDFSmCTkVxFDylueEqsOFdgF+vPsm+AlyJKGAo5yzX1FiOxPsZiN6/r8gJitYx2EaSuBmmg==",
      "dev": true,
      "requires": {
        "@types/node": "*"
      }
    }
  }
}
